
Microsoft Visual Studio Solution File, Format Version 12.00
# Visual Studio Version 17
VisualStudioVersion = 17.14.36202.13 d17.14
MinimumVisualStudioVersion = 10.0.40219.1
Project("{FAE04EC0-301F-11D3-BF4B-00C04F79EFBC}") = "TP_MODUL4_103022430006", "TP_MODUL4_103022430006.csproj", "{C97A8762-98BD-49E0-9C47-BCBC9EEC728B}"
EndProject
Global
	GlobalSection(SolutionConfigurationPlatforms) = preSolution
		Debug|Any CPU = Debug|Any CPU
		Release|Any CPU = Release|Any CPU
	EndGlobalSection
	GlobalSection(ProjectConfigurationPlatforms) = postSolution
		{C97A8762-98BD-49E0-9C47-BCBC9EEC728B}.Debug|Any CPU.ActiveCfg = Debug|Any CPU
		{C97A8762-98BD-49E0-9C47-BCBC9EEC728B}.Debug|Any CPU.Build.0 = Debug|Any CPU
		{C97A8762-98BD-49E0-9C47-BCBC9EEC728B}.Release|Any CPU.ActiveCfg = Release|Any CPU
		{C97A8762-98BD-49E0-9C47-BCBC9EEC728B}.Release|Any CPU.Build.0 = Release|Any CPU
	EndGlobalSection
	GlobalSection(SolutionProperties) = preSolution
		HideSolutionNode = FALSE
	EndGlobalSection
	GlobalSection(ExtensibilityGlobals) = postSolution
		SolutionGuid = {02B2ACDA-AEEB-412D-A209-107E32463746}
	EndGlobalSection
EndGlobal
